{
  "name": "yallaNotlobApp",
  "requires": true,
  "lockfileVersion": 1,
  "dependencies": {
    "bootstrap": {
      "version": "4.3.1",
      "resolved": "https://registry.npmjs.org/bootstrap/-/bootstrap-4.3.1.tgz",
      "integrity": "sha512-rXqOmH1VilAt2DyPzluTi2blhk17bO7ef+zLLPlWvG494pDxcM234pJ8wTc/6R40UWizAIIMgxjvxZg5kmsbag=="
    },
    "bootstrap-suggest": {
      "version": "2.0.3",
      "resolved": "https://registry.npmjs.org/bootstrap-suggest/-/bootstrap-suggest-2.0.3.tgz",
      "integrity": "sha512-Mvkyi2dY+7PXEG19phsUmkA6lIYLNCI8JKqOTkC9r81ZuCopoectiAly2H4CmSD0e9HHwkzrah5TRM3XMiSQEg==",
      "requires": {
        "bootstrap": "^4.3",
        "jquery": "^3.3",
        "jquery.caret": "^0.3"
      }
    },
    "jquery": {
      "version": "3.3.1",
      "resolved": "https://registry.npmjs.org/jquery/-/jquery-3.3.1.tgz",
      "integrity": "sha512-Ubldcmxp5np52/ENotGxlLe6aGMvmF4R8S6tZjsP6Knsaxd/xp3Zrh50cG93lR6nPXyUFwzN3ZSOQI0wRJNdGg=="
    },
    "jquery.caret": {
      "version": "0.3.1",
      "resolved": "https://registry.npmjs.org/jquery.caret/-/jquery.caret-0.3.1.tgz",
      "integrity": "sha1-nAkzGPrzJ+/zIugmyp8yQTaLx7g="
    }
  }
}
